
Microsoft Visual Studio Solution File, Format Version 12.00
# Visual Studio Version 17
VisualStudioVersion = 17.1.31911.260
MinimumVisualStudioVersion = 10.0.40219.1
Project("{FAE04EC0-301F-11D3-BF4B-00C04F79EFBC}") = "PracownikBiblioteka", "PracownikBiblioteka\PracownikBiblioteka.csproj", "{762796C8-8BE2-4382-8E2B-3DB9ECF60D1A}"
EndProject
Project("{FAE04EC0-301F-11D3-BF4B-00C04F79EFBC}") = "PracownikTest", "PracownikTest\PracownikTest.csproj", "{3B017975-DC5F-4A34-A4DC-57342E12F389}"
EndProject
Global
	GlobalSection(SolutionConfigurationPlatforms) = preSolution
		Debug|Any CPU = Debug|Any CPU
		Release|Any CPU = Release|Any CPU
	EndGlobalSection
	GlobalSection(ProjectConfigurationPlatforms) = postSolution
		{762796C8-8BE2-4382-8E2B-3DB9ECF60D1A}.Debug|Any CPU.ActiveCfg = Debug|Any CPU
		{762796C8-8BE2-4382-8E2B-3DB9ECF60D1A}.Debug|Any CPU.Build.0 = Debug|Any CPU
		{762796C8-8BE2-4382-8E2B-3DB9ECF60D1A}.Release|Any CPU.ActiveCfg = Release|Any CPU
		{762796C8-8BE2-4382-8E2B-3DB9ECF60D1A}.Release|Any CPU.Build.0 = Release|Any CPU
		{3B017975-DC5F-4A34-A4DC-57342E12F389}.Debug|Any CPU.ActiveCfg = Debug|Any CPU
		{3B017975-DC5F-4A34-A4DC-57342E12F389}.Debug|Any CPU.Build.0 = Debug|Any CPU
		{3B017975-DC5F-4A34-A4DC-57342E12F389}.Release|Any CPU.ActiveCfg = Release|Any CPU
		{3B017975-DC5F-4A34-A4DC-57342E12F389}.Release|Any CPU.Build.0 = Release|Any CPU
	EndGlobalSection
	GlobalSection(SolutionProperties) = preSolution
		HideSolutionNode = FALSE
	EndGlobalSection
	GlobalSection(ExtensibilityGlobals) = postSolution
		SolutionGuid = {57EF8953-9A0F-4097-A4D0-135C52863FDA}
	EndGlobalSection
EndGlobal
